
Microsoft Visual Studio Solution File, Format Version 11.00
# Visual Studio 2010
Project("{FAE04EC0-301F-11D3-BF4B-00C04F79EFBC}") = "Assembly-CSharp", "Assembly-CSharp.csproj", "{408D76D3-6D3B-E820-34B9-665C49FE9385}"
EndProject
Project("{FAE04EC0-301F-11D3-BF4B-00C04F79EFBC}") = "FMODUnityResonance", "FMODUnityResonance.csproj", "{4CAA31EC-EB21-4E95-704F-E4B0B167D9A9}"
EndProject
Project("{FAE04EC0-301F-11D3-BF4B-00C04F79EFBC}") = "FMODUnity", "FMODUnity.csproj", "{5CBAA498-6CD5-5B5C-B13E-A6C26F9CA045}"
EndProject
Project("{FAE04EC0-301F-11D3-BF4B-00C04F79EFBC}") = "FMODUnityEditor", "FMODUnityEditor.csproj", "{194DD552-017F-CB23-80BA-9BF910B772C6}"
EndProject
Project("{FAE04EC0-301F-11D3-BF4B-00C04F79EFBC}") = "Assembly-CSharp-Editor", "Assembly-CSharp-Editor.csproj", "{7863118B-5C99-BADC-EAFA-1CF93877C9F2}"
EndProject
Project("{FAE04EC0-301F-11D3-BF4B-00C04F79EFBC}") = "FMODUnityResonanceEditor", "FMODUnityResonanceEditor.csproj", "{9E20C7EC-D628-B49D-87FA-024F88BFEC48}"
EndProject
Global
	GlobalSection(SolutionConfigurationPlatforms) = preSolution
		Debug|Any CPU = Debug|Any CPU
		Release|Any CPU = Release|Any CPU
	EndGlobalSection
	GlobalSection(ProjectConfigurationPlatforms) = postSolution
		{408D76D3-6D3B-E820-34B9-665C49FE9385}.Debug|Any CPU.ActiveCfg = Debug|Any CPU
		{408D76D3-6D3B-E820-34B9-665C49FE9385}.Debug|Any CPU.Build.0 = Debug|Any CPU
		{408D76D3-6D3B-E820-34B9-665C49FE9385}.Release|Any CPU.ActiveCfg = Release|Any CPU
		{408D76D3-6D3B-E820-34B9-665C49FE9385}.Release|Any CPU.Build.0 = Release|Any CPU
		{4CAA31EC-EB21-4E95-704F-E4B0B167D9A9}.Debug|Any CPU.ActiveCfg = Debug|Any CPU
		{4CAA31EC-EB21-4E95-704F-E4B0B167D9A9}.Debug|Any CPU.Build.0 = Debug|Any CPU
		{4CAA31EC-EB21-4E95-704F-E4B0B167D9A9}.Release|Any CPU.ActiveCfg = Release|Any CPU
		{4CAA31EC-EB21-4E95-704F-E4B0B167D9A9}.Release|Any CPU.Build.0 = Release|Any CPU
		{5CBAA498-6CD5-5B5C-B13E-A6C26F9CA045}.Debug|Any CPU.ActiveCfg = Debug|Any CPU
		{5CBAA498-6CD5-5B5C-B13E-A6C26F9CA045}.Debug|Any CPU.Build.0 = Debug|Any CPU
		{5CBAA498-6CD5-5B5C-B13E-A6C26F9CA045}.Release|Any CPU.ActiveCfg = Release|Any CPU
		{5CBAA498-6CD5-5B5C-B13E-A6C26F9CA045}.Release|Any CPU.Build.0 = Release|Any CPU
		{194DD552-017F-CB23-80BA-9BF910B772C6}.Debug|Any CPU.ActiveCfg = Debug|Any CPU
		{194DD552-017F-CB23-80BA-9BF910B772C6}.Debug|Any CPU.Build.0 = Debug|Any CPU
		{194DD552-017F-CB23-80BA-9BF910B772C6}.Release|Any CPU.ActiveCfg = Release|Any CPU
		{194DD552-017F-CB23-80BA-9BF910B772C6}.Release|Any CPU.Build.0 = Release|Any CPU
		{7863118B-5C99-BADC-EAFA-1CF93877C9F2}.Debug|Any CPU.ActiveCfg = Debug|Any CPU
		{7863118B-5C99-BADC-EAFA-1CF93877C9F2}.Debug|Any CPU.Build.0 = Debug|Any CPU
		{7863118B-5C99-BADC-EAFA-1CF93877C9F2}.Release|Any CPU.ActiveCfg = Release|Any CPU
		{7863118B-5C99-BADC-EAFA-1CF93877C9F2}.Release|Any CPU.Build.0 = Release|Any CPU
		{9E20C7EC-D628-B49D-87FA-024F88BFEC48}.Debug|Any CPU.ActiveCfg = Debug|Any CPU
		{9E20C7EC-D628-B49D-87FA-024F88BFEC48}.Debug|Any CPU.Build.0 = Debug|Any CPU
		{9E20C7EC-D628-B49D-87FA-024F88BFEC48}.Release|Any CPU.ActiveCfg = Release|Any CPU
		{9E20C7EC-D628-B49D-87FA-024F88BFEC48}.Release|Any CPU.Build.0 = Release|Any CPU
	EndGlobalSection
	GlobalSection(SolutionProperties) = preSolution
		HideSolutionNode = FALSE
	EndGlobalSection
EndGlobal
